<?xml version="1.0" encoding="utf-8"?>
<Project ToolsVersion="4.0" xmlns="http://schemas.microsoft.com/developer/msbuild/2003">
  <ItemGroup>
    <Filter Include="シェーダーファイル">
      <UniqueIdentifier>{35476cfb-1e5e-44d2-9f74-11489c86306b}</UniqueIdentifier>
    </Filter>
    <Filter Include="リソース ファイル">
      <UniqueIdentifier>{67DA6AB6-F800-4c08-8B7A-83BB121AAD01}</UniqueIdentifier>
      <Extensions>rc;ico;cur;bmp;dlg;rc2;rct;bin;rgs;gif;jpg;jpeg;jpe;resx;tiff;tif;png;wav;mfcribbon-ms</Extensions>
    </Filter>
    <Filter Include="engin">
      <UniqueIdentifier>{0e0cfd72-8a6d-42b0-a7a5-5c2eb2e2c246}</UniqueIdentifier>
    </Filter>
    <Filter Include="engin\ソースファイル">
      <UniqueIdentifier>{1806e970-2e66-4f63-8534-4fe1f58e7081}</UniqueIdentifier>
    </Filter>
    <Filter Include="engin\ソースファイル\2d">
      <UniqueIdentifier>{a5b9cdbe-87fa-4972-843b-e01825a0bea1}</UniqueIdentifier>
    </Filter>
    <Filter Include="engin\ソースファイル\3d">
      <UniqueIdentifier>{f1f1fe20-5fa4-4336-bd1d-be4b86e77ad3}</UniqueIdentifier>
    </Filter>
    <Filter Include="engin\ソースファイル\aidio">
      <UniqueIdentifier>{b58c674d-e8e3-4c70-903a-5e4e3db256bf}</UniqueIdentifier>
    </Filter>
    <Filter Include="engin\ソースファイル\base">
      <UniqueIdentifier>{5166b684-5f2b-45d8-9f6b-98812642b12a}</UniqueIdentifier>
    </Filter>
    <Filter Include="engin\ソースファイル\io">
      <UniqueIdentifier>{3e216f3e-0a94-4b72-9d7c-31163c9790a1}</UniqueIdentifier>
    </Filter>
    <Filter Include="engin\ソースファイル\Math">
      <UniqueIdentifier>{71363a41-75d6-4dde-ae5a-bd1106700e55}</UniqueIdentifier>
    </Filter>
    <Filter Include="engin\ソースファイル\posteffect">
      <UniqueIdentifier>{cba7563c-0d24-4b0b-bf7f-b8d4ba1df9b6}</UniqueIdentifier>
    </Filter>
    <Filter Include="engin\ヘッダーファイル">
      <UniqueIdentifier>{bd914c99-6670-4ead-b847-69419d0276f5}</UniqueIdentifier>
    </Filter>
    <Filter Include="engin\ヘッダーファイル\2d">
      <UniqueIdentifier>{d331bd4a-c93b-495a-aadf-8188f5235b9f}</UniqueIdentifier>
    </Filter>
    <Filter Include="engin\ヘッダーファイル\3d">
      <UniqueIdentifier>{3846b1b1-df42-4fb7-8b13-e45623a0ddd5}</UniqueIdentifier>
    </Filter>
    <Filter Include="engin\ヘッダーファイル\base">
      <UniqueIdentifier>{91f1f6ba-d648-45af-8915-f534bcb6791e}</UniqueIdentifier>
    </Filter>
    <Filter Include="engin\ヘッダーファイル\Math">
      <UniqueIdentifier>{9e05a935-cc89-45ba-878d-ef3df717ea3a}</UniqueIdentifier>
    </Filter>
    <Filter Include="engin\ヘッダーファイル\aidio">
      <UniqueIdentifier>{940d4e8e-56c2-4b56-bb3a-cfdd7ac17e5c}</UniqueIdentifier>
    </Filter>
    <Filter Include="engin\ヘッダーファイル\io">
      <UniqueIdentifier>{8ba3ac8e-94c0-44e4-ac45-572f67cebfa8}</UniqueIdentifier>
    </Filter>
    <Filter Include="engin\ヘッダーファイル\PostEffect">
      <UniqueIdentifier>{7ccb8708-aac5-4827-be64-cc83eb93673b}</UniqueIdentifier>
    </Filter>
    <Filter Include="application">
      <UniqueIdentifier>{69d80cba-9194-4809-9e9c-21a986961d09}</UniqueIdentifier>
    </Filter>
    <Filter Include="application\ヘッダーファイル">
      <UniqueIdentifier>{5347de1d-9fa4-4878-9267-2884cb6c4309}</UniqueIdentifier>
    </Filter>
    <Filter Include="application\ヘッダーファイル\Scene">
      <UniqueIdentifier>{787046c3-0b39-4a7e-b36b-4cefbe95fa3a}</UniqueIdentifier>
    </Filter>
    <Filter Include="application\ソース ファイル">
      <UniqueIdentifier>{4FC737F1-C7A5-4376-A066-2A32D752A2FF}</UniqueIdentifier>
      <Extensions>cpp;c;cc;cxx;c++;cppm;ixx;def;odl;idl;hpj;bat;asm;asmx</Extensions>
    </Filter>
    <Filter Include="application\ソース ファイル\Scene">
      <UniqueIdentifier>{0c7eb7c9-b288-4ddd-8193-5219334dda92}</UniqueIdentifier>
    </Filter>
    <Filter Include="engin\ソースファイル\3d\Light">
      <UniqueIdentifier>{fa7ee158-b3e7-4847-a6f1-3ffd959377e6}</UniqueIdentifier>
    </Filter>
    <Filter Include="engin\ヘッダーファイル\3d\Light">
      <UniqueIdentifier>{ab96ebfc-d447-42d9-b305-bab7839f0503}</UniqueIdentifier>
    </Filter>
    <Filter Include="application\ソース ファイル\player">
      <UniqueIdentifier>{4066f2dd-b7aa-48e0-8fc9-b0e0ea1c09e9}</UniqueIdentifier>
    </Filter>
    <Filter Include="application\ヘッダーファイル\Player">
      <UniqueIdentifier>{f7852599-cb0a-40cf-b02a-a7290fd71a93}</UniqueIdentifier>
    </Filter>
    <Filter Include="engin\ヘッダーファイル\Collider">
      <UniqueIdentifier>{2571224d-e22f-43dc-baa0-37cc7bcf5787}</UniqueIdentifier>
    </Filter>
    <Filter Include="engin\ソースファイル\Collider">
      <UniqueIdentifier>{9451e2d3-0474-47db-83be-41c126431e5c}</UniqueIdentifier>
    </Filter>
    <Filter Include="application\ヘッダーファイル\Enemy">
      <UniqueIdentifier>{fbbd07d6-c206-4a3e-b179-739271b874e7}</UniqueIdentifier>
    </Filter>
    <Filter Include="application\ソース ファイル\Enemy">
      <UniqueIdentifier>{e2361f19-de8c-4d49-a8df-07b730b76937}</UniqueIdentifier>
    </Filter>
    <Filter Include="engin\ヘッダーファイル\Scene">
      <UniqueIdentifier>{ccfc61bd-97c5-4fa3-9688-f609e1543eba}</UniqueIdentifier>
    </Filter>
  </ItemGroup>
  <ItemGroup>
    <ClCompile Include="engine\2d\Sprite.cpp">
      <Filter>engin\ソースファイル\2d</Filter>
    </ClCompile>
    <ClCompile Include="engine\2d\SpriteCommon.cpp">
      <Filter>engin\ソースファイル\2d</Filter>
    </ClCompile>
    <ClCompile Include="engine\2d\imguiManager.cpp">
      <Filter>engin\ソースファイル\2d</Filter>
    </ClCompile>
    <ClCompile Include="engine\3d\Model.cpp">
      <Filter>engin\ソースファイル\3d</Filter>
    </ClCompile>
    <ClCompile Include="engine\3d\object3d.cpp">
      <Filter>engin\ソースファイル\3d</Filter>
    </ClCompile>
    <ClCompile Include="engine\audio\Sound.cpp">
      <Filter>engin\ソースファイル\aidio</Filter>
    </ClCompile>
    <ClCompile Include="engine\base\DirectXCommon.cpp">
      <Filter>engin\ソースファイル\base</Filter>
    </ClCompile>
    <ClCompile Include="engine\base\WinApp.cpp">
      <Filter>engin\ソースファイル\base</Filter>
    </ClCompile>
    <ClCompile Include="engine\Math\Matrix4.cpp">
      <Filter>engin\ソースファイル\Math</Filter>
    </ClCompile>
    <ClCompile Include="engine\Math\Vector2.cpp">
      <Filter>engin\ソースファイル\Math</Filter>
    </ClCompile>
    <ClCompile Include="engine\Math\Vector3.cpp">
      <Filter>engin\ソースファイル\Math</Filter>
    </ClCompile>
    <ClCompile Include="engine\Math\Vector4.cpp">
      <Filter>engin\ソースファイル\Math</Filter>
    </ClCompile>
    <ClCompile Include="engine\2d\Texture.cpp">
      <Filter>engin\ソースファイル\2d</Filter>
    </ClCompile>
    <ClCompile Include="engine\io\input.cpp">
      <Filter>engin\ソースファイル\io</Filter>
    </ClCompile>
    <ClCompile Include="engine\postEffect\PostEffectCommon.cpp">
      <Filter>engin\ソースファイル\posteffect</Filter>
    </ClCompile>
    <ClCompile Include="engine\postEffect\PostEffectLuminance.cpp">
      <Filter>engin\ソースファイル\posteffect</Filter>
    </ClCompile>
    <ClCompile Include="engine\postEffect\PostEffectMixed.cpp">
      <Filter>engin\ソースファイル\posteffect</Filter>
    </ClCompile>
    <ClCompile Include="engine\postEffect\PostEffectBlurH.cpp">
      <Filter>engin\ソースファイル\posteffect</Filter>
    </ClCompile>
    <ClCompile Include="engine\postEffect\PostEffectBlurW.cpp">
      <Filter>engin\ソースファイル\posteffect</Filter>
    </ClCompile>
    <ClCompile Include="engine\3d\assimpLoader.cpp">
      <Filter>engin\ソースファイル\3d</Filter>
    </ClCompile>
    <ClCompile Include="engine\3d\assimpModel.cpp">
      <Filter>engin\ソースファイル\3d</Filter>
    </ClCompile>
    <ClCompile Include="engine\3d\assimpObject3d.cpp">
      <Filter>engin\ソースファイル\3d</Filter>
    </ClCompile>
    <ClCompile Include="engine\postEffect\PostEffectTest.cpp">
      <Filter>engin\ソースファイル\posteffect</Filter>
    </ClCompile>
    <ClCompile Include="engine\postEffect\PostEffectMultiRenderTarget.cpp">
      <Filter>engin\ソースファイル\posteffect</Filter>
    </ClCompile>
    <ClCompile Include="engine\3d\levelLoad.cpp">
      <Filter>engin\ソースファイル\3d</Filter>
    </ClCompile>
    <ClCompile Include="engine\3d\Light\LightGroup.cpp">
      <Filter>engin\ソースファイル\3d\Light</Filter>
    </ClCompile>
    <ClCompile Include="engine\3d\Light\DirectionalLight.cpp">
      <Filter>engin\ソースファイル\3d\Light</Filter>
    </ClCompile>
    <ClCompile Include="application\Scene\GameScene.cpp">
      <Filter>application\ソース ファイル\Scene</Filter>
    </ClCompile>
    <ClCompile Include="engine\Collider\Collider.cpp">
      <Filter>engin\ソースファイル\Collider</Filter>
    </ClCompile>
    <ClCompile Include="engine\3d\ParticleManager.cpp">
      <Filter>engin\ソースファイル\3d</Filter>
    </ClCompile>
    <ClCompile Include="engine\Math\Easing.cpp">
      <Filter>engin\ソースファイル\Math</Filter>
    </ClCompile>
    <ClCompile Include="application\Player\PlayerBullet.cpp">
      <Filter>application\ソース ファイル\player</Filter>
    </ClCompile>
    <ClCompile Include="application\Enemy\Enemy.cpp">
      <Filter>application\ソース ファイル\Enemy</Filter>
    </ClCompile>
    <ClCompile Include="application\Enemy\EnemyManager.cpp">
      <Filter>application\ソース ファイル\Enemy</Filter>
    </ClCompile>
    <ClCompile Include="application\Enemy\EnemyBullet.cpp">
      <Filter>application\ソース ファイル\Enemy</Filter>
    </ClCompile>
    <ClCompile Include="engine\base\MyGame.cpp">
      <Filter>engin\ソースファイル\base</Filter>
    </ClCompile>
    <ClCompile Include="engine\main.cpp">
      <Filter>engin\ソースファイル\base</Filter>
    </ClCompile>
    <ClCompile Include="engine\base\Framework.cpp">
      <Filter>engin\ソースファイル\base</Filter>
    </ClCompile>
    <ClCompile Include="application\Scene\TitileScene.cpp">
      <Filter>application\ソース ファイル\Scene</Filter>
    </ClCompile>
    <ClCompile Include="application\Scene\BaseScene.cpp">
      <Filter>application\ソース ファイル\Scene</Filter>
    </ClCompile>
    <ClCompile Include="engine\Scene\SceneManager.cpp">
      <Filter>engin\ソースファイル\base</Filter>
    </ClCompile>
    <ClCompile Include="engine\Scene\SceneFactory.cpp">
      <Filter>engin\ソースファイル\base</Filter>
    </ClCompile>
    <ClCompile Include="application\Scene\ResultScene.cpp">
      <Filter>application\ソース ファイル\Scene</Filter>
    </ClCompile>
    <ClCompile Include="application\Scene\GameOverScene.cpp">
      <Filter>application\ソース ファイル\Scene</Filter>
    </ClCompile>
    <ClCompile Include="application\Player\Player.cpp">
      <Filter>application\ソース ファイル\player</Filter>
    </ClCompile>
    <ClCompile Include="application\Player\PlayerBulletManager.cpp">
      <Filter>application\ソース ファイル\player</Filter>
    </ClCompile>
  </ItemGroup>
  <ItemGroup>
    <ClInclude Include="engine\2d\Sprite.h">
      <Filter>engin\ヘッダーファイル\2d</Filter>
    </ClInclude>
    <ClInclude Include="engine\2d\SpriteCommon.h">
      <Filter>engin\ヘッダーファイル\2d</Filter>
    </ClInclude>
    <ClInclude Include="engine\2d\imguiManager.h">
      <Filter>engin\ヘッダーファイル\2d</Filter>
    </ClInclude>
    <ClInclude Include="engine\3d\Model.h">
      <Filter>engin\ヘッダーファイル\3d</Filter>
    </ClInclude>
    <ClInclude Include="engine\3d\object3d.h">
      <Filter>engin\ヘッダーファイル\3d</Filter>
    </ClInclude>
    <ClInclude Include="engine\base\DirectXCommon.h">
      <Filter>engin\ヘッダーファイル\base</Filter>
    </ClInclude>
    <ClInclude Include="engine\base\WinApp.h">
      <Filter>engin\ヘッダーファイル\base</Filter>
    </ClInclude>
    <ClInclude Include="engine\Math\Vector2.h">
      <Filter>engin\ヘッダーファイル\Math</Filter>
    </ClInclude>
    <ClInclude Include="engine\Math\Vector3.h">
      <Filter>engin\ヘッダーファイル\Math</Filter>
    </ClInclude>
    <ClInclude Include="engine\Math\Vector4.h">
      <Filter>engin\ヘッダーファイル\Math</Filter>
    </ClInclude>
    <ClInclude Include="engine\Math\Matrix4.h">
      <Filter>engin\ヘッダーファイル\Math</Filter>
    </ClInclude>
    <ClInclude Include="engine\2d\Texture.h">
      <Filter>engin\ヘッダーファイル\2d</Filter>
    </ClInclude>
    <ClInclude Include="engine\audio\Sound.h">
      <Filter>engin\ヘッダーファイル\aidio</Filter>
    </ClInclude>
    <ClInclude Include="engine\io\input.h">
      <Filter>engin\ヘッダーファイル\io</Filter>
    </ClInclude>
    <ClInclude Include="engine\3d\ParticleManager.h">
      <Filter>engin\ヘッダーファイル\3d</Filter>
    </ClInclude>
    <ClInclude Include="engine\postEffect\PostEffectCommon.h">
      <Filter>engin\ヘッダーファイル\PostEffect</Filter>
    </ClInclude>
    <ClInclude Include="engine\postEffect\PostEffectLuminance.h">
      <Filter>engin\ヘッダーファイル\PostEffect</Filter>
    </ClInclude>
    <ClInclude Include="engine\postEffect\PostEffectMixed.h">
      <Filter>engin\ヘッダーファイル\PostEffect</Filter>
    </ClInclude>
    <ClInclude Include="engine\postEffect\PostEffectBlurH.h">
      <Filter>engin\ヘッダーファイル\PostEffect</Filter>
    </ClInclude>
    <ClInclude Include="engine\postEffect\PostEffectBlurW.h">
      <Filter>engin\ヘッダーファイル\PostEffect</Filter>
    </ClInclude>
    <ClInclude Include="engine\3d\assimpLoader.h">
      <Filter>engin\ヘッダーファイル\3d</Filter>
    </ClInclude>
    <ClInclude Include="engine\3d\assimpModel.h">
      <Filter>engin\ヘッダーファイル\3d</Filter>
    </ClInclude>
    <ClInclude Include="engine\3d\assimpObject3d.h">
      <Filter>engin\ヘッダーファイル\3d</Filter>
    </ClInclude>
    <ClInclude Include="engine\postEffect\PostEffectTest.h">
      <Filter>engin\ヘッダーファイル\PostEffect</Filter>
    </ClInclude>
    <ClInclude Include="engine\postEffect\PostEffectMultiRenderTarget.h">
      <Filter>engin\ヘッダーファイル\PostEffect</Filter>
    </ClInclude>
    <ClInclude Include="engine\3d\levelLoad.h">
      <Filter>engin\ヘッダーファイル\3d</Filter>
    </ClInclude>
    <ClInclude Include="engine\3d\Light\DirectionalLight.h">
      <Filter>engin\ヘッダーファイル\3d\Light</Filter>
    </ClInclude>
    <ClInclude Include="engine\3d\Light\LightGroup.h">
      <Filter>engin\ヘッダーファイル\3d\Light</Filter>
    </ClInclude>
    <ClInclude Include="engine\3d\Light\PointLight.h">
      <Filter>engin\ヘッダーファイル\3d\Light</Filter>
    </ClInclude>
    <ClInclude Include="application\Scene\GameScene.h">
      <Filter>application\ヘッダーファイル\Scene</Filter>
    </ClInclude>
    <ClInclude Include="application\Player\Player.h">
      <Filter>application\ヘッダーファイル\Player</Filter>
    </ClInclude>
    <ClInclude Include="engine\Collider\Collider.h">
      <Filter>engin\ヘッダーファイル\Collider</Filter>
    </ClInclude>
    <ClInclude Include="engine\Math\Easing.h">
      <Filter>engin\ヘッダーファイル\Math</Filter>
    </ClInclude>
    <ClInclude Include="application\Player\PlayerBullet.h">
      <Filter>application\ヘッダーファイル\Player</Filter>
    </ClInclude>
    <ClInclude Include="application\Enemy\Enemy.h">
      <Filter>application\ヘッダーファイル\Enemy</Filter>
    </ClInclude>
    <ClInclude Include="application\Enemy\EnemyManager.h">
      <Filter>application\ヘッダーファイル\Enemy</Filter>
    </ClInclude>
    <ClInclude Include="application\Enemy\EnemyBullet.h">
      <Filter>application\ヘッダーファイル\Enemy</Filter>
    </ClInclude>
    <ClInclude Include="engine\base\MyGame.h">
      <Filter>engin\ヘッダーファイル\base</Filter>
    </ClInclude>
    <ClInclude Include="engine\base\Framework.h">
      <Filter>engin\ヘッダーファイル\base</Filter>
    </ClInclude>
    <ClInclude Include="application\Scene\TitileScene.h">
      <Filter>application\ヘッダーファイル\Scene</Filter>
    </ClInclude>
    <ClInclude Include="application\Scene\BaseScene.h">
      <Filter>application\ヘッダーファイル\Scene</Filter>
    </ClInclude>
    <ClInclude Include="engine\Scene\AbstractSceneFactory.h">
      <Filter>engin\ヘッダーファイル\Scene</Filter>
    </ClInclude>
    <ClInclude Include="engine\Scene\SceneManager.h">
      <Filter>engin\ヘッダーファイル\Scene</Filter>
    </ClInclude>
    <ClInclude Include="engine\Scene\SceneFactory.h">
      <Filter>engin\ヘッダーファイル\Scene</Filter>
    </ClInclude>
    <ClInclude Include="application\Scene\GameOverScene.h">
      <Filter>application\ヘッダーファイル\Scene</Filter>
    </ClInclude>
    <ClInclude Include="application\Scene\ResultScene.h">
      <Filter>application\ヘッダーファイル\Scene</Filter>
    </ClInclude>
    <ClInclude Include="application\Player\PlayerBulletManager.h">
      <Filter>application\ヘッダーファイル\Player</Filter>
    </ClInclude>
  </ItemGroup>
  <ItemGroup>
    <FxCompile Include="Resources\shaders\BasicPS.hlsl">
      <Filter>シェーダーファイル</Filter>
    </FxCompile>
    <FxCompile Include="Resources\shaders\BasicVS.hlsl">
      <Filter>シェーダーファイル</Filter>
    </FxCompile>
    <FxCompile Include="Resources\shaders\SpriteVS.hlsl">
      <Filter>シェーダーファイル</Filter>
    </FxCompile>
    <FxCompile Include="Resources\shaders\SpritePS.hlsl">
      <Filter>シェーダーファイル</Filter>
    </FxCompile>
    <FxCompile Include="Resources\shaders\ObjPS.hlsl">
      <Filter>シェーダーファイル</Filter>
    </FxCompile>
    <FxCompile Include="Resources\shaders\ObjVS.hlsl">
      <Filter>シェーダーファイル</Filter>
    </FxCompile>
    <FxCompile Include="Resources\shaders\ObjGS.hlsl">
      <Filter>シェーダーファイル</Filter>
    </FxCompile>
    <FxCompile Include="Resources\shaders\ParticleGS.hlsl">
      <Filter>シェーダーファイル</Filter>
    </FxCompile>
    <FxCompile Include="Resources\shaders\ParticlePS.hlsl">
      <Filter>シェーダーファイル</Filter>
    </FxCompile>
    <FxCompile Include="Resources\shaders\ParticleVS.hlsl">
      <Filter>シェーダーファイル</Filter>
    </FxCompile>
    <FxCompile Include="Resources\shaders\PostEffectBlurPS.hlsl">
      <Filter>シェーダーファイル</Filter>
    </FxCompile>
    <FxCompile Include="Resources\shaders\PostEffectBlurWVS.hlsl">
      <Filter>シェーダーファイル</Filter>
    </FxCompile>
    <FxCompile Include="Resources\shaders\PostEffectLuminancePS.hlsl">
      <Filter>シェーダーファイル</Filter>
    </FxCompile>
    <FxCompile Include="Resources\shaders\PostEffectLuminanceVS.hlsl">
      <Filter>シェーダーファイル</Filter>
    </FxCompile>
    <FxCompile Include="Resources\shaders\PostEffectMixedPS.hlsl">
      <Filter>シェーダーファイル</Filter>
    </FxCompile>
    <FxCompile Include="Resources\shaders\PostEffectMixedVS.hlsl">
      <Filter>シェーダーファイル</Filter>
    </FxCompile>
    <FxCompile Include="Resources\shaders\PostEffectBlurHVS.hlsl">
      <Filter>シェーダーファイル</Filter>
    </FxCompile>
    <FxCompile Include="Resources\shaders\FbxGS.hlsl">
      <Filter>シェーダーファイル</Filter>
    </FxCompile>
    <FxCompile Include="Resources\shaders\FbxPS.hlsl">
      <Filter>シェーダーファイル</Filter>
    </FxCompile>
    <FxCompile Include="Resources\shaders\FbxVS.hlsl">
      <Filter>シェーダーファイル</Filter>
    </FxCompile>
    <FxCompile Include="Resources\shaders\PostEffectTestVS.hlsl">
      <Filter>シェーダーファイル</Filter>
    </FxCompile>
    <FxCompile Include="Resources\shaders\postEffectTestPS.hlsl">
      <Filter>シェーダーファイル</Filter>
    </FxCompile>
    <FxCompile Include="Resources\shaders\PostEffectMultiRenderTargetVS.hlsl">
      <Filter>シェーダーファイル</Filter>
    </FxCompile>
    <FxCompile Include="Resources\shaders\PostEffectMultiRenderTargetPS.hlsl">
      <Filter>シェーダーファイル</Filter>
    </FxCompile>
  </ItemGroup>
  <ItemGroup>
    <None Include="Resources\shaders\Basic.hlsli">
      <Filter>シェーダーファイル</Filter>
    </None>
    <None Include="Resources\shaders\Sprite.hlsli">
      <Filter>シェーダーファイル</Filter>
    </None>
    <None Include="Resources\shaders\Obj.hlsli">
      <Filter>シェーダーファイル</Filter>
    </None>
    <None Include="Resources\shaders\Particle.hlsli">
      <Filter>シェーダーファイル</Filter>
    </None>
    <None Include="Resources\shaders\PostEffectBlur.hlsli">
      <Filter>シェーダーファイル</Filter>
    </None>
    <None Include="Resources\shaders\PostEffectLuminance.hlsli">
      <Filter>シェーダーファイル</Filter>
    </None>
    <None Include="Resources\shaders\PostEffectMixed.hlsli">
      <Filter>シェーダーファイル</Filter>
    </None>
    <None Include="Resources\shaders\Fbx.hlsli">
      <Filter>シェーダーファイル</Filter>
    </None>
    <None Include="Resources\shaders\postEffectTest.hlsli">
      <Filter>シェーダーファイル</Filter>
    </None>
    <None Include="Resources\shaders\PostEffectMultiRenderTarget.hlsli">
      <Filter>シェーダーファイル</Filter>
    </None>
  </ItemGroup>
</Project>