
Microsoft Visual Studio Solution File, Format Version 12.00
# Visual Studio Version 17
VisualStudioVersion = 17.1.32328.378
MinimumVisualStudioVersion = 10.0.40219.1
Project("{8BC9CEB8-8B4A-11D0-8D11-00A0C91BC942}") = "DirectXGeme", "DirectXGeme.vcxproj", "{44111863-CC0B-468D-AE4F-952A5AD63535}"
EndProject
Project("{8BC9CEB8-8B4A-11D0-8D11-00A0C91BC942}") = "DirectXTex", "DirectXTex\DirectXTex_Desktop_2022.vcxproj", "{371B9FA9-4C90-4AC6-A123-ACED756D6C77}"
EndProject
Project("{8BC9CEB8-8B4A-11D0-8D11-00A0C91BC942}") = "imgui", "imgui\imgui.vcxproj", "{E86A328D-E664-4105-94F1-B6271F9B2050}"
EndProject
Global
	GlobalSection(SolutionConfigurationPlatforms) = preSolution
		Debug|x64 = Debug|x64
		Debug|x86 = Debug|x86
		Release|x64 = Release|x64
		Release|x86 = Release|x86
	EndGlobalSection
	GlobalSection(ProjectConfigurationPlatforms) = postSolution
		{44111863-CC0B-468D-AE4F-952A5AD63535}.Debug|x64.ActiveCfg = Debug|x64
		{44111863-CC0B-468D-AE4F-952A5AD63535}.Debug|x64.Build.0 = Debug|x64
		{44111863-CC0B-468D-AE4F-952A5AD63535}.Debug|x86.ActiveCfg = Debug|Win32
		{44111863-CC0B-468D-AE4F-952A5AD63535}.Debug|x86.Build.0 = Debug|Win32
		{44111863-CC0B-468D-AE4F-952A5AD63535}.Release|x64.ActiveCfg = Release|x64
		{44111863-CC0B-468D-AE4F-952A5AD63535}.Release|x64.Build.0 = Release|x64
		{44111863-CC0B-468D-AE4F-952A5AD63535}.Release|x86.ActiveCfg = Release|Win32
		{44111863-CC0B-468D-AE4F-952A5AD63535}.Release|x86.Build.0 = Release|Win32
		{371B9FA9-4C90-4AC6-A123-ACED756D6C77}.Debug|x64.ActiveCfg = Debug|x64
		{371B9FA9-4C90-4AC6-A123-ACED756D6C77}.Debug|x64.Build.0 = Debug|x64
		{371B9FA9-4C90-4AC6-A123-ACED756D6C77}.Debug|x86.ActiveCfg = Debug|Win32
		{371B9FA9-4C90-4AC6-A123-ACED756D6C77}.Debug|x86.Build.0 = Debug|Win32
		{371B9FA9-4C90-4AC6-A123-ACED756D6C77}.Release|x64.ActiveCfg = Release|x64
		{371B9FA9-4C90-4AC6-A123-ACED756D6C77}.Release|x64.Build.0 = Release|x64
		{371B9FA9-4C90-4AC6-A123-ACED756D6C77}.Release|x86.ActiveCfg = Release|Win32
		{371B9FA9-4C90-4AC6-A123-ACED756D6C77}.Release|x86.Build.0 = Release|Win32
		{E86A328D-E664-4105-94F1-B6271F9B2050}.Debug|x64.ActiveCfg = Debug|x64
		{E86A328D-E664-4105-94F1-B6271F9B2050}.Debug|x64.Build.0 = Debug|x64
		{E86A328D-E664-4105-94F1-B6271F9B2050}.Debug|x86.ActiveCfg = Debug|Win32
		{E86A328D-E664-4105-94F1-B6271F9B2050}.Debug|x86.Build.0 = Debug|Win32
		{E86A328D-E664-4105-94F1-B6271F9B2050}.Release|x64.ActiveCfg = Release|x64
		{E86A328D-E664-4105-94F1-B6271F9B2050}.Release|x64.Build.0 = Release|x64
		{E86A328D-E664-4105-94F1-B6271F9B2050}.Release|x86.ActiveCfg = Release|Win32
		{E86A328D-E664-4105-94F1-B6271F9B2050}.Release|x86.Build.0 = Release|Win32
	EndGlobalSection
	GlobalSection(SolutionProperties) = preSolution
		HideSolutionNode = FALSE
	EndGlobalSection
	GlobalSection(ExtensibilityGlobals) = postSolution
		SolutionGuid = {53F06480-F16C-49EB-BB17-46779B882F65}
	EndGlobalSection
EndGlobal
